// !$*UTF8*$!
{
	archiveVersion = 1;
	classes = {
	};
	objectVersion = 46;
	objects = {

/* Begin PBXBuildFile section */
		4CA66A361C280B7C001AA929 /* AppDelegate.swift in Sources */ = {isa = PBXBuildFile; fileRef = 4CA66A351C280B7C001AA929 /* AppDelegate.swift */; };
		4CA66A381C280B7C001AA929 /* Assets.xcassets in Resources */ = {isa = PBXBuildFile; fileRef = 4CA66A371C280B7C001AA929 /* Assets.xcassets */; };
		4CA66A3B1C280B7C001AA929 /* MainMenu.xib in Resources */ = {isa = PBXBuildFile; fileRef = 4CA66A391C280B7C001AA929 /* MainMenu.xib */; };
		4CA66A451C280C0D001AA929 /* ActionLogger.swift in Sources */ = {isa = PBXBuildFile; fileRef = 4CA66A441C280C0D001AA929 /* ActionLogger.swift */; };
/* End PBXBuildFile section */

/* Begin PBXFileReference section */
		4CA66A321C280B7C001AA929 /* ActionLogger.app */ = {isa = PBXFileReference; explicitFileType = wrapper.application; includeInIndex = 0; path = ActionLogger.app; sourceTree = BUILT_PRODUCTS_DIR; };
		4CA66A351C280B7C001AA929 /* AppDelegate.swift */ = {isa = PBXFileReference; lastKnownFileType = sourcecode.swift; path = AppDelegate.swift; sourceTree = "<group>"; };
		4CA66A371C280B7C001AA929 /* Assets.xcassets */ = {isa = PBXFileReference; lastKnownFileType = folder.assetcatalog; path = Assets.xcassets; sourceTree = "<group>"; };
		4CA66A3A1C280B7C001AA929 /* Base */ = {isa = PBXFileReference; lastKnownFileType = file.xib; name = Base; path = Base.lproj/MainMenu.xib; sourceTree = "<group>"; };
		4CA66A3C1C280B7C001AA929 /* Info.plist */ = {isa = PBXFileReference; lastKnownFileType = text.plist.xml; path = Info.plist; sourceTree = "<group>"; };
		4CA66A441C280C0D001AA929 /* ActionLogger.swift */ = {isa = PBXFileReference; fileEncoding = 4; lastKnownFileType = sourcecode.swift; path = ActionLogger.swift; sourceTree = SOURCE_ROOT; };
/* End PBXFileReference section */

/* Begin PBXFrameworksBuildPhase section */
		4CA66A2F1C280B7C001AA929 /* Frameworks */ = {
			isa = PBXFrameworksBuildPhase;
			buildActionMask = 2147483647;
			files = (
			);
			runOnlyForDeploymentPostprocessing = 0;
		};
/* End PBXFrameworksBuildPhase section */

/* Begin PBXGroup section */
		4CA66A291C280B7C001AA929 = {
			isa = PBXGroup;
			children = (
				4CA66A341C280B7C001AA929 /* ActionLogger */,
				4CA66A331C280B7C001AA929 /* Products */,
			);
			sourceTree = "<group>";
		};
		4CA66A331C280B7C001AA929 /* Products */ = {
			isa = PBXGroup;
			children = (
				4CA66A321C280B7C001AA929 /* ActionLogger.app */,
			);
			name = Products;
			sourceTree = "<group>";
		};
		4CA66A341C280B7C001AA929 /* ActionLogger */ = {
			isa = PBXGroup;
			children = (
				4CA66A441C280C0D001AA929 /* ActionLogger.swift */,
				4CA66A351C280B7C001AA929 /* AppDelegate.swift */,
				4CA66A371C280B7C001AA929 /* Assets.xcassets */,
				4CA66A391C280B7C001AA929 /* MainMenu.xib */,
				4CA66A3C1C280B7C001AA929 /* Info.plist */,
			);
			path = ActionLogger;
			sourceTree = "<group>";
		};
/* End PBXGroup section */

/* Begin PBXNativeTarget section */
		4CA66A311C280B7C001AA929 /* ActionLogger */ = {
			isa = PBXNativeTarget;
			buildConfigurationList = 4CA66A3F1C280B7C001AA929 /* Build configuration list for PBXNativeTarget "ActionLogger" */;
			buildPhases = (
				4CA66A2E1C280B7C001AA929 /* Sources */,
				4CA66A2F1C280B7C001AA929 /* Frameworks */,
				4CA66A301C280B7C001AA929 /* Resources */,
			);
			buildRules = (
			);
			dependencies = (
			);
			name = ActionLogger;
			productName = ActionLogger;
			productReference = 4CA66A321C280B7C001AA929 /* ActionLogger.app */;
			productType = "com.apple.product-type.application";
		};
/* End PBXNativeTarget section */

/* Begin PBXProject section */
		4CA66A2A1C280B7C001AA929 /* Project object */ = {
			isa = PBXProject;
			attributes = {
				LastSwiftUpdateCheck = 0710;
				LastUpgradeCheck = 0710;
				ORGANIZATIONNAME = "Christian Muth";
				TargetAttributes = {
					4CA66A311C280B7C001AA929 = {
						CreatedOnToolsVersion = 7.1.1;
					};
				};
			};
			buildConfigurationList = 4CA66A2D1C280B7C001AA929 /* Build configuration list for PBXProject "ActionLogger" */;
			compatibilityVersion = "Xcode 3.2";
			developmentRegion = English;
			hasScannedForEncodings = 0;
			knownRegions = (
				en,
				Base,
			);
			mainGroup = 4CA66A291C280B7C001AA929;
			productRefGroup = 4CA66A331C280B7C001AA929 /* Products */;
			projectDirPath = "";
			projectRoot = "";
			targets = (
				4CA66A311C280B7C001AA929 /* ActionLogger */,
			);
		};
/* End PBXProject section */

/* Begin PBXResourcesBuildPhase section */
		4CA66A301C280B7C001AA929 /* Resources */ = {
			isa = PBXResourcesBuildPhase;
			buildActionMask = 2147483647;
			files = (
				4CA66A381C280B7C001AA929 /* Assets.xcassets in Resources */,
				4CA66A3B1C280B7C001AA929 /* MainMenu.xib in Resources */,
			);
			runOnlyForDeploymentPostprocessing = 0;
		};
/* End PBXResourcesBuildPhase section */

/* Begin PBXSourcesBuildPhase section */
		4CA66A2E1C280B7C001AA929 /* Sources */ = {
			isa = PBXSourcesBuildPhase;
			buildActionMask = 2147483647;
			files = (
				4CA66A361C280B7C001AA929 /* AppDelegate.swift in Sources */,
				4CA66A451C280C0D001AA929 /* ActionLogger.swift in Sources */,
			);
			runOnlyForDeploymentPostprocessing = 0;
		};
/* End PBXSourcesBuildPhase section */

/* Begin PBXVariantGroup section */
		4CA66A391C280B7C001AA929 /* MainMenu.xib */ = {
			isa = PBXVariantGroup;
			children = (
				4CA66A3A1C280B7C001AA929 /* Base */,
			);
			name = MainMenu.xib;
			sourceTree = "<group>";
		};
/* End PBXVariantGroup section */

/* Begin XCBuildConfiguration section */
		4CA66A3D1C280B7C001AA929 /* Debug */ = {
			isa = XCBuildConfiguration;
			buildSettings = {
				ALWAYS_SEARCH_USER_PATHS = NO;
				CLANG_CXX_LANGUAGE_STANDARD = "gnu++0x";
				CLANG_CXX_LIBRARY = "libc++";
				CLANG_ENABLE_MODULES = YES;
				CLANG_ENABLE_OBJC_ARC = YES;
				CLANG_WARN_BOOL_CONVERSION = YES;
				CLANG_WARN_CONSTANT_CONVERSION = YES;
				CLANG_WARN_DIRECT_OBJC_ISA_USAGE = YES_ERROR;
				CLANG_WARN_EMPTY_BODY = YES;
				CLANG_WARN_ENUM_CONVERSION = YES;
				CLANG_WARN_INT_CONVERSION = YES;
				CLANG_WARN_OBJC_ROOT_CLASS = YES_ERROR;
				CLANG_WARN_UNREACHABLE_CODE = YES;
				CLANG_WARN__DUPLICATE_METHOD_MATCH = YES;
				CODE_SIGN_IDENTITY = "-";
				COPY_PHASE_STRIP = NO;
				DEBUG_INFORMATION_FORMAT = dwarf;
				ENABLE_STRICT_OBJC_MSGSEND = YES;
				ENABLE_TESTABILITY = YES;
				GCC_C_LANGUAGE_STANDARD = gnu99;
				GCC_DYNAMIC_NO_PIC = NO;
				GCC_NO_COMMON_BLOCKS = YES;
				GCC_OPTIMIZATION_LEVEL = 0;
				GCC_PREPROCESSOR_DEFINITIONS = (
					"DEBUG=1",
					"$(inherited)",
				);
				GCC_WARN_64_TO_32_BIT_CONVERSION = YES;
				GCC_WARN_ABOUT_RETURN_TYPE = YES_ERROR;
				GCC_WARN_UNDECLARED_SELECTOR = YES;
				GCC_WARN_UNINITIALIZED_AUTOS = YES_AGGRESSIVE;
				GCC_WARN_UNUSED_FUNCTION = YES;
				GCC_WARN_UNUSED_VARIABLE = YES;
				MACOSX_DEPLOYMENT_TARGET = 10.11;
				MTL_ENABLE_DEBUG_INFO = YES;
				ONLY_ACTIVE_ARCH = YES;
				SDKROOT = macosx;
				SWIFT_OPTIMIZATION_LEVEL = "-Onone";
			};
			name = Debug;
		};
		4CA66A3E1C280B7C001AA929 /* Release */ = {
			isa = XCBuildConfiguration;
			buildSettings = {
				ALWAYS_SEARCH_USER_PATHS = NO;
				CLANG_CXX_LANGUAGE_STANDARD = "gnu++0x";
				CLANG_CXX_LIBRARY = "libc++";
				CLANG_ENABLE_MODULES = YES;
				CLANG_ENABLE_OBJC_ARC = YES;
				CLANG_WARN_BOOL_CONVERSION = YES;
				CLANG_WARN_CONSTANT_CONVERSION = YES;
				CLANG_WARN_DIRECT_OBJC_ISA_USAGE = YES_ERROR;
				CLANG_WARN_EMPTY_BODY = YES;
				CLANG_WARN_ENUM_CONVERSION = YES;
				CLANG_WARN_INT_CONVERSION = YES;
				CLANG_WARN_OBJC_ROOT_CLASS = YES_ERROR;
				CLANG_WARN_UNREACHABLE_CODE = YES;
				CLANG_WARN__DUPLICATE_METHOD_MATCH = YES;
				CODE_SIGN_IDENTITY = "-";
				COPY_PHASE_STRIP = NO;
				DEBUG_INFORMATION_FORMAT = "dwarf-with-dsym";
				ENABLE_NS_ASSERTIONS = NO;
				ENABLE_STRICT_OBJC_MSGSEND = YES;
				GCC_C_LANGUAGE_STANDARD = gnu99;
				GCC_NO_COMMON_BLOCKS = YES;
				GCC_WARN_64_TO_32_BIT_CONVERSION = YES;
				GCC_WARN_ABOUT_RETURN_TYPE = YES_ERROR;
				GCC_WARN_UNDECLARED_SELECTOR = YES;
				GCC_WARN_UNINITIALIZED_AUTOS = YES_AGGRESSIVE;
				GCC_WARN_UNUSED_FUNCTION = YES;
				GCC_WARN_UNUSED_VARIABLE = YES;
				MACOSX_DEPLOYMENT_TARGET = 10.11;
				MTL_ENABLE_DEBUG_INFO = NO;
				SDKROOT = macosx;
			};
			name = Release;
		};
		4CA66A401C280B7C001AA929 /* Debug */ = {
			isa = XCBuildConfiguration;
			buildSettings = {
				ASSETCATALOG_COMPILER_APPICON_NAME = AppIcon;
				COMBINE_HIDPI_IMAGES = YES;
				INFOPLIST_FILE = ActionLogger/Info.plist;
				LD_RUNPATH_SEARCH_PATHS = "$(inherited) @executable_path/../Frameworks";
				PRODUCT_BUNDLE_IDENTIFIER = "com.Muecke-Software.ActionLogger";
				PRODUCT_NAME = "$(TARGET_NAME)";
			};
			name = Debug;
		};
		4CA66A411C280B7C001AA929 /* Release */ = {
			isa = XCBuildConfiguration;
			buildSettings = {
				ASSETCATALOG_COMPILER_APPICON_NAME = AppIcon;
				COMBINE_HIDPI_IMAGES = YES;
				INFOPLIST_FILE = ActionLogger/Info.plist;
				LD_RUNPATH_SEARCH_PATHS = "$(inherited) @executable_path/../Frameworks";
				PRODUCT_BUNDLE_IDENTIFIER = "com.Muecke-Software.ActionLogger";
				PRODUCT_NAME = "$(TARGET_NAME)";
			};
			name = Release;
		};
/* End XCBuildConfiguration section */

/* Begin XCConfigurationList section */
		4CA66A2D1C280B7C001AA929 /* Build configuration list for PBXProject "ActionLogger" */ = {
			isa = XCConfigurationList;
			buildConfigurations = (
				4CA66A3D1C280B7C001AA929 /* Debug */,
				4CA66A3E1C280B7C001AA929 /* Release */,
			);
			defaultConfigurationIsVisible = 0;
			defaultConfigurationName = Release;
		};
		4CA66A3F1C280B7C001AA929 /* Build configuration list for PBXNativeTarget "ActionLogger" */ = {
			isa = XCConfigurationList;
			buildConfigurations = (
				4CA66A401C280B7C001AA929 /* Debug */,
				4CA66A411C280B7C001AA929 /* Release */,
			);
			defaultConfigurationIsVisible = 0;
			defaultConfigurationName = Release;
		};
/* End XCConfigurationList section */
	};
	rootObject = 4CA66A2A1C280B7C001AA929 /* Project object */;
}
